
Microsoft Visual Studio Solution File, Format Version 12.00
# Visual Studio Version 16
VisualStudioVersion = 16.0.31424.327
MinimumVisualStudioVersion = 10.0.40219.1
Project("{2150E333-8FDC-42A3-9474-1A3956D46DE8}") = "Solution Items", "Solution Items", "{29D6AD6E-593D-403A-BFC9-6C867A69D430}"
	ProjectSection(SolutionItems) = preProject
		index.html = index.html
		script.js = script.js
		style.css = style.css
	EndProjectSection
EndProject
Global
	GlobalSection(SolutionProperties) = preSolution
		HideSolutionNode = FALSE
	EndGlobalSection
	GlobalSection(ExtensibilityGlobals) = postSolution
		SolutionGuid = {CE433EE1-C0D1-4AAA-8FD0-2AD0CCB453A3}
	EndGlobalSection
EndGlobal
